
Microsoft Visual Studio Solution File, Format Version 12.00
# Visual Studio Version 16
VisualStudioVersion = 16.0.30523.141
MinimumVisualStudioVersion = 10.0.40219.1
Project("{FAE04EC0-301F-11D3-BF4B-00C04F79EFBC}") = "Electronic journal", "Electronic journal\Electronic journal.csproj", "{8FFD17E2-1FC4-4639-9D08-82999A3CA1A1}"
EndProject
Global
	GlobalSection(SolutionConfigurationPlatforms) = preSolution
		Debug|Any CPU = Debug|Any CPU
		Release|Any CPU = Release|Any CPU
	EndGlobalSection
	GlobalSection(ProjectConfigurationPlatforms) = postSolution
		{8FFD17E2-1FC4-4639-9D08-82999A3CA1A1}.Debug|Any CPU.ActiveCfg = Debug|Any CPU
		{8FFD17E2-1FC4-4639-9D08-82999A3CA1A1}.Debug|Any CPU.Build.0 = Debug|Any CPU
		{8FFD17E2-1FC4-4639-9D08-82999A3CA1A1}.Release|Any CPU.ActiveCfg = Release|Any CPU
		{8FFD17E2-1FC4-4639-9D08-82999A3CA1A1}.Release|Any CPU.Build.0 = Release|Any CPU
	EndGlobalSection
	GlobalSection(SolutionProperties) = preSolution
		HideSolutionNode = FALSE
	EndGlobalSection
	GlobalSection(ExtensibilityGlobals) = postSolution
		SolutionGuid = {82964F1F-DD72-4885-B374-E1A847F6A965}
	EndGlobalSection
EndGlobal
